
Microsoft Visual Studio Solution File, Format Version 12.00
# Visual Studio Version 16
VisualStudioVersion = 16.0.31729.503
MinimumVisualStudioVersion = 10.0.40219.1
Project("{FAE04EC0-301F-11D3-BF4B-00C04F79EFBC}") = "HospitalManagementSystem", "HospitalManagementSystem\HospitalManagementSystem.csproj", "{57E0AF42-334B-4BD4-A477-E1C2F1871E33}"
EndProject
Project("{FAE04EC0-301F-11D3-BF4B-00C04F79EFBC}") = "PatientLibrary", "PatientLibrary\PatientLibrary.csproj", "{C440DFA1-C960-452F-8F00-C78D94285F99}"
EndProject
Project("{FAE04EC0-301F-11D3-BF4B-00C04F79EFBC}") = "PatientAPI", "PatientAPI\PatientAPI.csproj", "{2C83E486-9981-45FC-9733-4F418753B85C}"
EndProject
Global
	GlobalSection(SolutionConfigurationPlatforms) = preSolution
		Debug|Any CPU = Debug|Any CPU
		Release|Any CPU = Release|Any CPU
	EndGlobalSection
	GlobalSection(ProjectConfigurationPlatforms) = postSolution
		{57E0AF42-334B-4BD4-A477-E1C2F1871E33}.Debug|Any CPU.ActiveCfg = Debug|Any CPU
		{57E0AF42-334B-4BD4-A477-E1C2F1871E33}.Debug|Any CPU.Build.0 = Debug|Any CPU
		{57E0AF42-334B-4BD4-A477-E1C2F1871E33}.Release|Any CPU.ActiveCfg = Release|Any CPU
		{57E0AF42-334B-4BD4-A477-E1C2F1871E33}.Release|Any CPU.Build.0 = Release|Any CPU
		{C440DFA1-C960-452F-8F00-C78D94285F99}.Debug|Any CPU.ActiveCfg = Debug|Any CPU
		{C440DFA1-C960-452F-8F00-C78D94285F99}.Debug|Any CPU.Build.0 = Debug|Any CPU
		{C440DFA1-C960-452F-8F00-C78D94285F99}.Release|Any CPU.ActiveCfg = Release|Any CPU
		{C440DFA1-C960-452F-8F00-C78D94285F99}.Release|Any CPU.Build.0 = Release|Any CPU
		{2C83E486-9981-45FC-9733-4F418753B85C}.Debug|Any CPU.ActiveCfg = Debug|Any CPU
		{2C83E486-9981-45FC-9733-4F418753B85C}.Debug|Any CPU.Build.0 = Debug|Any CPU
		{2C83E486-9981-45FC-9733-4F418753B85C}.Release|Any CPU.ActiveCfg = Release|Any CPU
		{2C83E486-9981-45FC-9733-4F418753B85C}.Release|Any CPU.Build.0 = Release|Any CPU
	EndGlobalSection
	GlobalSection(SolutionProperties) = preSolution
		HideSolutionNode = FALSE
	EndGlobalSection
	GlobalSection(ExtensibilityGlobals) = postSolution
		SolutionGuid = {626404CA-32EE-4AA2-A6B8-67EEFE3A5ED8}
	EndGlobalSection
EndGlobal
